
Microsoft Visual Studio Solution File, Format Version 12.00
# Visual Studio 15
VisualStudioVersion = 15.0.27703.2042
MinimumVisualStudioVersion = 10.0.40219.1
Project("{9092AA53-FB77-4645-B42D-1CCCA6BD08BD}") = "labs-api-native-parser-parking-lot", "labs-api-native-parser-parking-lot\labs-api-native-parser-parking-lot.njsproj", "{1AA3953E-99E0-455E-A56A-D1F8F1C984A4}"
EndProject
Global
	GlobalSection(SolutionConfigurationPlatforms) = preSolution
		Debug|Any CPU = Debug|Any CPU
		Release|Any CPU = Release|Any CPU
	EndGlobalSection
	GlobalSection(ProjectConfigurationPlatforms) = postSolution
		{1AA3953E-99E0-455E-A56A-D1F8F1C984A4}.Debug|Any CPU.ActiveCfg = Debug|Any CPU
		{1AA3953E-99E0-455E-A56A-D1F8F1C984A4}.Debug|Any CPU.Build.0 = Debug|Any CPU
		{1AA3953E-99E0-455E-A56A-D1F8F1C984A4}.Release|Any CPU.ActiveCfg = Release|Any CPU
		{1AA3953E-99E0-455E-A56A-D1F8F1C984A4}.Release|Any CPU.Build.0 = Release|Any CPU
	EndGlobalSection
	GlobalSection(SolutionProperties) = preSolution
		HideSolutionNode = FALSE
	EndGlobalSection
	GlobalSection(ExtensibilityGlobals) = postSolution
		SolutionGuid = {2A1C5A5D-517C-44E6-9E21-F8285AB3F8F2}
	EndGlobalSection
EndGlobal
